
Microsoft Visual Studio Solution File, Format Version 12.00
# Visual Studio Version 17
VisualStudioVersion = 17.10.35027.167
MinimumVisualStudioVersion = 10.0.40219.1
Project("{54A90642-561A-4BB1-A94E-469ADEE60C69}") = "ExpressProject1", "ExpressProject1.esproj", "{7E0F9FD8-8967-4983-B0EE-903FD24270AF}"
EndProject
Global
	GlobalSection(SolutionConfigurationPlatforms) = preSolution
		Debug|Any CPU = Debug|Any CPU
		Release|Any CPU = Release|Any CPU
	EndGlobalSection
	GlobalSection(ProjectConfigurationPlatforms) = postSolution
		{7E0F9FD8-8967-4983-B0EE-903FD24270AF}.Debug|Any CPU.ActiveCfg = Debug|Any CPU
		{7E0F9FD8-8967-4983-B0EE-903FD24270AF}.Debug|Any CPU.Build.0 = Debug|Any CPU
		{7E0F9FD8-8967-4983-B0EE-903FD24270AF}.Debug|Any CPU.Deploy.0 = Debug|Any CPU
		{7E0F9FD8-8967-4983-B0EE-903FD24270AF}.Release|Any CPU.ActiveCfg = Release|Any CPU
		{7E0F9FD8-8967-4983-B0EE-903FD24270AF}.Release|Any CPU.Build.0 = Release|Any CPU
		{7E0F9FD8-8967-4983-B0EE-903FD24270AF}.Release|Any CPU.Deploy.0 = Release|Any CPU
	EndGlobalSection
	GlobalSection(SolutionProperties) = preSolution
		HideSolutionNode = FALSE
	EndGlobalSection
	GlobalSection(ExtensibilityGlobals) = postSolution
		SolutionGuid = {ACFF8271-902D-446F-AACF-A1F710C83F8D}
	EndGlobalSection
EndGlobal
